
Microsoft Visual Studio Solution File, Format Version 12.00
# Visual Studio Version 16
VisualStudioVersion = 16.0.30717.126
MinimumVisualStudioVersion = 10.0.40219.1
Project("{FAE04EC0-301F-11D3-BF4B-00C04F79EFBC}") = "HotelService", "HotelService\HotelService.csproj", "{B6C5D1E4-66AF-4E72-8DB5-9763244F284B}"
EndProject
Global
	GlobalSection(SolutionConfigurationPlatforms) = preSolution
		Debug|Any CPU = Debug|Any CPU
		Release|Any CPU = Release|Any CPU
	EndGlobalSection
	GlobalSection(ProjectConfigurationPlatforms) = postSolution
		{B6C5D1E4-66AF-4E72-8DB5-9763244F284B}.Debug|Any CPU.ActiveCfg = Debug|Any CPU
		{B6C5D1E4-66AF-4E72-8DB5-9763244F284B}.Debug|Any CPU.Build.0 = Debug|Any CPU
		{B6C5D1E4-66AF-4E72-8DB5-9763244F284B}.Release|Any CPU.ActiveCfg = Release|Any CPU
		{B6C5D1E4-66AF-4E72-8DB5-9763244F284B}.Release|Any CPU.Build.0 = Release|Any CPU
	EndGlobalSection
	GlobalSection(SolutionProperties) = preSolution
		HideSolutionNode = FALSE
	EndGlobalSection
	GlobalSection(ExtensibilityGlobals) = postSolution
		SolutionGuid = {F5123837-C1A5-48B9-B239-177A854346DA}
	EndGlobalSection
EndGlobal
